
Microsoft Visual Studio Solution File, Format Version 12.00
# Visual Studio Version 17
VisualStudioVersion = 17.0.31903.59
MinimumVisualStudioVersion = 10.0.40219.1
Project("{FAE04EC0-301F-11D3-BF4B-00C04F79EFBC}") = "Lfin.WebApp", "src\Lfin.WebApp\Lfin.WebApp.csproj", "{F090B781-4875-43DC-A929-A3A3C731EF39}"
EndProject
Global
	GlobalSection(SolutionConfigurationPlatforms) = preSolution
		Debug|Any CPU = Debug|Any CPU
		Release|Any CPU = Release|Any CPU
	EndGlobalSection
	GlobalSection(ProjectConfigurationPlatforms) = postSolution
		{F090B781-4875-43DC-A929-A3A3C731EF39}.Debug|Any CPU.ActiveCfg = Debug|Any CPU
		{F090B781-4875-43DC-A929-A3A3C731EF39}.Debug|Any CPU.Build.0 = Debug|Any CPU
		{F090B781-4875-43DC-A929-A3A3C731EF39}.Release|Any CPU.ActiveCfg = Release|Any CPU
		{F090B781-4875-43DC-A929-A3A3C731EF39}.Release|Any CPU.Build.0 = Release|Any CPU
	EndGlobalSection
	GlobalSection(SolutionProperties) = preSolution
		HideSolutionNode = FALSE
	EndGlobalSection
EndGlobal
